
Microsoft Visual Studio Solution File, Format Version 12.00
# Visual Studio 14
VisualStudioVersion = 14.0.25420.1
MinimumVisualStudioVersion = 10.0.40219.1
Project("{FAE04EC0-301F-11D3-BF4B-00C04F79EFBC}") = "Collections", "Expressions\Collections.csproj", "{4C3E746D-E048-4D23-A8BC-CE4D6484BDCB}"
EndProject
Project("{FAE04EC0-301F-11D3-BF4B-00C04F79EFBC}") = "ValueTypes", "ValueTypes\ValueTypes.csproj", "{8F5A0F43-8803-41C6-958B-01BA16D3CAB7}"
EndProject
Project("{FAE04EC0-301F-11D3-BF4B-00C04F79EFBC}") = "Generics", "Generics\Generics.csproj", "{65A2D102-199E-490D-85B1-9BBDC96D3C27}"
EndProject
Project("{FAE04EC0-301F-11D3-BF4B-00C04F79EFBC}") = "DelegatesAndLambdas", "DelegatesAndLambdas\DelegatesAndLambdas.csproj", "{4A7060C0-DA58-46C6-8B8E-1492E5FBC2E2}"
EndProject
Project("{FAE04EC0-301F-11D3-BF4B-00C04F79EFBC}") = "AsyncWpfExample", "AsyncWpfExample\AsyncWpfExample.csproj", "{29049DDB-7B40-4C6F-A290-687C8DB29884}"
EndProject
Project("{FAE04EC0-301F-11D3-BF4B-00C04F79EFBC}") = "WebApiAttributeRouting", "WebApiAttributeRouting\WebApiAttributeRouting.csproj", "{E8C1F89D-850A-46F5-BA95-C88D09DCCACE}"
EndProject
Project("{FAE04EC0-301F-11D3-BF4B-00C04F79EFBC}") = "WebApiFiltersAndHandlers", "WebApiFiltersAndHandlers\WebApiFiltersAndHandlers.csproj", "{10DE3C7E-69AD-4994-B806-51E3A295A260}"
EndProject
Global
	GlobalSection(SolutionConfigurationPlatforms) = preSolution
		Debug|Any CPU = Debug|Any CPU
		Release|Any CPU = Release|Any CPU
	EndGlobalSection
	GlobalSection(ProjectConfigurationPlatforms) = postSolution
		{4C3E746D-E048-4D23-A8BC-CE4D6484BDCB}.Debug|Any CPU.ActiveCfg = Debug|Any CPU
		{4C3E746D-E048-4D23-A8BC-CE4D6484BDCB}.Debug|Any CPU.Build.0 = Debug|Any CPU
		{4C3E746D-E048-4D23-A8BC-CE4D6484BDCB}.Release|Any CPU.ActiveCfg = Release|Any CPU
		{4C3E746D-E048-4D23-A8BC-CE4D6484BDCB}.Release|Any CPU.Build.0 = Release|Any CPU
		{8F5A0F43-8803-41C6-958B-01BA16D3CAB7}.Debug|Any CPU.ActiveCfg = Debug|Any CPU
		{8F5A0F43-8803-41C6-958B-01BA16D3CAB7}.Debug|Any CPU.Build.0 = Debug|Any CPU
		{8F5A0F43-8803-41C6-958B-01BA16D3CAB7}.Release|Any CPU.ActiveCfg = Release|Any CPU
		{8F5A0F43-8803-41C6-958B-01BA16D3CAB7}.Release|Any CPU.Build.0 = Release|Any CPU
		{65A2D102-199E-490D-85B1-9BBDC96D3C27}.Debug|Any CPU.ActiveCfg = Debug|Any CPU
		{65A2D102-199E-490D-85B1-9BBDC96D3C27}.Debug|Any CPU.Build.0 = Debug|Any CPU
		{65A2D102-199E-490D-85B1-9BBDC96D3C27}.Release|Any CPU.ActiveCfg = Release|Any CPU
		{65A2D102-199E-490D-85B1-9BBDC96D3C27}.Release|Any CPU.Build.0 = Release|Any CPU
		{4A7060C0-DA58-46C6-8B8E-1492E5FBC2E2}.Debug|Any CPU.ActiveCfg = Debug|Any CPU
		{4A7060C0-DA58-46C6-8B8E-1492E5FBC2E2}.Debug|Any CPU.Build.0 = Debug|Any CPU
		{4A7060C0-DA58-46C6-8B8E-1492E5FBC2E2}.Release|Any CPU.ActiveCfg = Release|Any CPU
		{4A7060C0-DA58-46C6-8B8E-1492E5FBC2E2}.Release|Any CPU.Build.0 = Release|Any CPU
		{29049DDB-7B40-4C6F-A290-687C8DB29884}.Debug|Any CPU.ActiveCfg = Debug|Any CPU
		{29049DDB-7B40-4C6F-A290-687C8DB29884}.Debug|Any CPU.Build.0 = Debug|Any CPU
		{29049DDB-7B40-4C6F-A290-687C8DB29884}.Release|Any CPU.ActiveCfg = Release|Any CPU
		{29049DDB-7B40-4C6F-A290-687C8DB29884}.Release|Any CPU.Build.0 = Release|Any CPU
		{E8C1F89D-850A-46F5-BA95-C88D09DCCACE}.Debug|Any CPU.ActiveCfg = Debug|Any CPU
		{E8C1F89D-850A-46F5-BA95-C88D09DCCACE}.Debug|Any CPU.Build.0 = Debug|Any CPU
		{E8C1F89D-850A-46F5-BA95-C88D09DCCACE}.Release|Any CPU.ActiveCfg = Release|Any CPU
		{E8C1F89D-850A-46F5-BA95-C88D09DCCACE}.Release|Any CPU.Build.0 = Release|Any CPU
		{10DE3C7E-69AD-4994-B806-51E3A295A260}.Debug|Any CPU.ActiveCfg = Debug|Any CPU
		{10DE3C7E-69AD-4994-B806-51E3A295A260}.Debug|Any CPU.Build.0 = Debug|Any CPU
		{10DE3C7E-69AD-4994-B806-51E3A295A260}.Release|Any CPU.ActiveCfg = Release|Any CPU
		{10DE3C7E-69AD-4994-B806-51E3A295A260}.Release|Any CPU.Build.0 = Release|Any CPU
	EndGlobalSection
	GlobalSection(SolutionProperties) = preSolution
		HideSolutionNode = FALSE
	EndGlobalSection
EndGlobal
